// !$*UTF8*$!
{
	archiveVersion = 1;
	classes = {
	};
	objectVersion = 56;
	objects = {

/* Begin PBXBuildFile section */
		6A0185DD2A76F165001D1F26 /* TrackHubApp.swift in Sources */ = {isa = PBXBuildFile; fileRef = 6A0185DC2A76F165001D1F26 /* TrackHubApp.swift */; };
		6A0185DF2A76F165001D1F26 /* RootView.swift in Sources */ = {isa = PBXBuildFile; fileRef = 6A0185DE2A76F165001D1F26 /* RootView.swift */; };
		6A0185E12A76F166001D1F26 /* Assets.xcassets in Resources */ = {isa = PBXBuildFile; fileRef = 6A0185E02A76F166001D1F26 /* Assets.xcassets */; };
		6A0185E42A76F166001D1F26 /* Preview Assets.xcassets in Resources */ = {isa = PBXBuildFile; fileRef = 6A0185E32A76F166001D1F26 /* Preview Assets.xcassets */; };
		6A0185F62A76F25F001D1F26 /* Constants.swift in Sources */ = {isa = PBXBuildFile; fileRef = 6A0185EE2A76F25F001D1F26 /* Constants.swift */; };
		6A0185F72A76F25F001D1F26 /* UserModel.swift in Sources */ = {isa = PBXBuildFile; fileRef = 6A0185F02A76F25F001D1F26 /* UserModel.swift */; };
		6A0185F82A76F25F001D1F26 /* RequestPhase.swift in Sources */ = {isa = PBXBuildFile; fileRef = 6A0185F12A76F25F001D1F26 /* RequestPhase.swift */; };
		6A0185F92A76F25F001D1F26 /* APIError.swift in Sources */ = {isa = PBXBuildFile; fileRef = 6A0185F32A76F25F001D1F26 /* APIError.swift */; };
		6A0185FA2A76F25F001D1F26 /* GithubApiClient.swift in Sources */ = {isa = PBXBuildFile; fileRef = 6A0185F42A76F25F001D1F26 /* GithubApiClient.swift */; };
		6A01860D2A76F325001D1F26 /* FirebaseAuth in Frameworks */ = {isa = PBXBuildFile; productRef = 6A01860C2A76F325001D1F26 /* FirebaseAuth */; };
		6A0186142A770F60001D1F26 /* GoogleService-Info.plist in Resources */ = {isa = PBXBuildFile; fileRef = 6A0186132A770F60001D1F26 /* GoogleService-Info.plist */; };
		6A01861A2A784FF3001D1F26 /* AuthScreen.swift in Sources */ = {isa = PBXBuildFile; fileRef = 6A0186192A784FF3001D1F26 /* AuthScreen.swift */; };
		6A01861C2A78501F001D1F26 /* AuthViewModel.swift in Sources */ = {isa = PBXBuildFile; fileRef = 6A01861B2A78501F001D1F26 /* AuthViewModel.swift */; };
		6A01861F2A785063001D1F26 /* AuthService.swift in Sources */ = {isa = PBXBuildFile; fileRef = 6A01861E2A785063001D1F26 /* AuthService.swift */; };
		6A0186222A785C11001D1F26 /* LoginButton.swift in Sources */ = {isa = PBXBuildFile; fileRef = 6A0186212A785C11001D1F26 /* LoginButton.swift */; };
		6A0186292A787603001D1F26 /* SettingsScreen.swift in Sources */ = {isa = PBXBuildFile; fileRef = 6A0186282A787603001D1F26 /* SettingsScreen.swift */; };
		6A01862B2A787616001D1F26 /* HomeScreen.swift in Sources */ = {isa = PBXBuildFile; fileRef = 6A01862A2A787616001D1F26 /* HomeScreen.swift */; };
		6A01862E2A787632001D1F26 /* InsightsScreen.swift in Sources */ = {isa = PBXBuildFile; fileRef = 6A01862D2A787632001D1F26 /* InsightsScreen.swift */; };
		6A0186312A78D6C2001D1F26 /* SettingListTile.swift in Sources */ = {isa = PBXBuildFile; fileRef = 6A0186302A78D6C2001D1F26 /* SettingListTile.swift */; };
		6A0186342A79A0FF001D1F26 /* UserProfileView.swift in Sources */ = {isa = PBXBuildFile; fileRef = 6A0186332A79A0FF001D1F26 /* UserProfileView.swift */; };
		6A12B9462A8BAB1A004AC518 /* UserDefaultsService.swift in Sources */ = {isa = PBXBuildFile; fileRef = 6A12B9452A8BAB1A004AC518 /* UserDefaultsService.swift */; };
		6A12B9482A8BCF14004AC518 /* Extensions.swift in Sources */ = {isa = PBXBuildFile; fileRef = 6A12B9472A8BCF14004AC518 /* Extensions.swift */; };
		6A12B94C2A8CA46D004AC518 /* Dependencies.swift in Sources */ = {isa = PBXBuildFile; fileRef = 6A12B94B2A8CA46D004AC518 /* Dependencies.swift */; };
		6A12B94F2A8CCEDD004AC518 /* Cache in Frameworks */ = {isa = PBXBuildFile; productRef = 6A12B94E2A8CCEDD004AC518 /* Cache */; };
		6A12B9512A8CCF95004AC518 /* CacheService.swift in Sources */ = {isa = PBXBuildFile; fileRef = 6A12B9502A8CCF95004AC518 /* CacheService.swift */; };
		6A12B9542A8D1FC3004AC518 /* LoadingView.swift in Sources */ = {isa = PBXBuildFile; fileRef = 6A12B9532A8D1FC3004AC518 /* LoadingView.swift */; };
		6A190EF02A842F5A00618D1B /* UsersScreen.swift in Sources */ = {isa = PBXBuildFile; fileRef = 6A190EEF2A842F5A00618D1B /* UsersScreen.swift */; };
		6A190EF22A842F8000618D1B /* UserCardView.swift in Sources */ = {isa = PBXBuildFile; fileRef = 6A190EF12A842F8000618D1B /* UserCardView.swift */; };
		6A190EF62A84AD9200618D1B /* UsersService.swift in Sources */ = {isa = PBXBuildFile; fileRef = 6A190EF52A84AD9200618D1B /* UsersService.swift */; };
		6A190EF82A84AF5200618D1B /* UsersViewModel.swift in Sources */ = {isa = PBXBuildFile; fileRef = 6A190EF72A84AF5200618D1B /* UsersViewModel.swift */; };
		6A190EFB2A86D56400618D1B /* AuthError.swift in Sources */ = {isa = PBXBuildFile; fileRef = 6A190EFA2A86D56400618D1B /* AuthError.swift */; };
		6A190EFD2A876D2400618D1B /* HomeViewModel.swift in Sources */ = {isa = PBXBuildFile; fileRef = 6A190EFC2A876D2300618D1B /* HomeViewModel.swift */; };
		6A190EFF2A877B0E00618D1B /* UserProfileScreen.swift in Sources */ = {isa = PBXBuildFile; fileRef = 6A190EFE2A877B0E00618D1B /* UserProfileScreen.swift */; };
		6A190F012A877D5100618D1B /* UserProfileViewModel.swift in Sources */ = {isa = PBXBuildFile; fileRef = 6A190F002A877D5100618D1B /* UserProfileViewModel.swift */; };
		6A190F032A87B13400618D1B /* PhaseView.swift in Sources */ = {isa = PBXBuildFile; fileRef = 6A190F022A87B13400618D1B /* PhaseView.swift */; };
		6A190F052A87BCBC00618D1B /* ViewModifiers.swift in Sources */ = {isa = PBXBuildFile; fileRef = 6A190F042A87BCBC00618D1B /* ViewModifiers.swift */; };
		6A190F092A87C3D700618D1B /* CachedAsyncImage in Frameworks */ = {isa = PBXBuildFile; productRef = 6A190F082A87C3D700618D1B /* CachedAsyncImage */; };
		6A1EB2082A88B73900829F30 /* InfoCardView.swift in Sources */ = {isa = PBXBuildFile; fileRef = 6A1EB2072A88B73900829F30 /* InfoCardView.swift */; };
		6A57AFFC2A8ACD4000A0050E /* LaunchScreen.storyboard in Resources */ = {isa = PBXBuildFile; fileRef = 6A57AFFB2A8ACD3F00A0050E /* LaunchScreen.storyboard */; };
/* End PBXBuildFile section */

/* Begin PBXFileReference section */
		6A0185D92A76F165001D1F26 /* TrackHub.app */ = {isa = PBXFileReference; explicitFileType = wrapper.application; includeInIndex = 0; path = TrackHub.app; sourceTree = BUILT_PRODUCTS_DIR; };
		6A0185DC2A76F165001D1F26 /* TrackHubApp.swift */ = {isa = PBXFileReference; lastKnownFileType = sourcecode.swift; path = TrackHubApp.swift; sourceTree = "<group>"; };
		6A0185DE2A76F165001D1F26 /* RootView.swift */ = {isa = PBXFileReference; lastKnownFileType = sourcecode.swift; path = RootView.swift; sourceTree = "<group>"; };
		6A0185E02A76F166001D1F26 /* Assets.xcassets */ = {isa = PBXFileReference; lastKnownFileType = folder.assetcatalog; path = Assets.xcassets; sourceTree = "<group>"; };
		6A0185E32A76F166001D1F26 /* Preview Assets.xcassets */ = {isa = PBXFileReference; lastKnownFileType = folder.assetcatalog; path = "Preview Assets.xcassets"; sourceTree = "<group>"; };
		6A0185EE2A76F25F001D1F26 /* Constants.swift */ = {isa = PBXFileReference; fileEncoding = 4; lastKnownFileType = sourcecode.swift; path = Constants.swift; sourceTree = "<group>"; };
		6A0185F02A76F25F001D1F26 /* UserModel.swift */ = {isa = PBXFileReference; fileEncoding = 4; lastKnownFileType = sourcecode.swift; path = UserModel.swift; sourceTree = "<group>"; };
		6A0185F12A76F25F001D1F26 /* RequestPhase.swift */ = {isa = PBXFileReference; fileEncoding = 4; lastKnownFileType = sourcecode.swift; path = RequestPhase.swift; sourceTree = "<group>"; };
		6A0185F32A76F25F001D1F26 /* APIError.swift */ = {isa = PBXFileReference; fileEncoding = 4; lastKnownFileType = sourcecode.swift; path = APIError.swift; sourceTree = "<group>"; };
		6A0185F42A76F25F001D1F26 /* GithubApiClient.swift */ = {isa = PBXFileReference; fileEncoding = 4; lastKnownFileType = sourcecode.swift; path = GithubApiClient.swift; sourceTree = "<group>"; };
		6A0186102A76F3BB001D1F26 /* Info.plist */ = {isa = PBXFileReference; lastKnownFileType = text.plist; path = Info.plist; sourceTree = "<group>"; };
		6A0186132A770F60001D1F26 /* GoogleService-Info.plist */ = {isa = PBXFileReference; fileEncoding = 4; lastKnownFileType = text.plist.xml; path = "GoogleService-Info.plist"; sourceTree = "<group>"; };
		6A0186192A784FF3001D1F26 /* AuthScreen.swift */ = {isa = PBXFileReference; lastKnownFileType = sourcecode.swift; path = AuthScreen.swift; sourceTree = "<group>"; };
		6A01861B2A78501F001D1F26 /* AuthViewModel.swift */ = {isa = PBXFileReference; lastKnownFileType = sourcecode.swift; path = AuthViewModel.swift; sourceTree = "<group>"; };
		6A01861E2A785063001D1F26 /* AuthService.swift */ = {isa = PBXFileReference; lastKnownFileType = sourcecode.swift; path = AuthService.swift; sourceTree = "<group>"; };
		6A0186212A785C11001D1F26 /* LoginButton.swift */ = {isa = PBXFileReference; lastKnownFileType = sourcecode.swift; path = LoginButton.swift; sourceTree = "<group>"; };
		6A0186282A787603001D1F26 /* SettingsScreen.swift */ = {isa = PBXFileReference; lastKnownFileType = sourcecode.swift; path = SettingsScreen.swift; sourceTree = "<group>"; };
		6A01862A2A787616001D1F26 /* HomeScreen.swift */ = {isa = PBXFileReference; lastKnownFileType = sourcecode.swift; path = HomeScreen.swift; sourceTree = "<group>"; };
		6A01862D2A787632001D1F26 /* InsightsScreen.swift */ = {isa = PBXFileReference; lastKnownFileType = sourcecode.swift; path = InsightsScreen.swift; sourceTree = "<group>"; };
		6A0186302A78D6C2001D1F26 /* SettingListTile.swift */ = {isa = PBXFileReference; lastKnownFileType = sourcecode.swift; path = SettingListTile.swift; sourceTree = "<group>"; };
		6A0186332A79A0FF001D1F26 /* UserProfileView.swift */ = {isa = PBXFileReference; lastKnownFileType = sourcecode.swift; path = UserProfileView.swift; sourceTree = "<group>"; };
		6A12B9452A8BAB1A004AC518 /* UserDefaultsService.swift */ = {isa = PBXFileReference; lastKnownFileType = sourcecode.swift; path = UserDefaultsService.swift; sourceTree = "<group>"; };
		6A12B9472A8BCF14004AC518 /* Extensions.swift */ = {isa = PBXFileReference; lastKnownFileType = sourcecode.swift; path = Extensions.swift; sourceTree = "<group>"; };
		6A12B94B2A8CA46D004AC518 /* Dependencies.swift */ = {isa = PBXFileReference; lastKnownFileType = sourcecode.swift; path = Dependencies.swift; sourceTree = "<group>"; };
		6A12B9502A8CCF95004AC518 /* CacheService.swift */ = {isa = PBXFileReference; lastKnownFileType = sourcecode.swift; path = CacheService.swift; sourceTree = "<group>"; };
		6A12B9532A8D1FC3004AC518 /* LoadingView.swift */ = {isa = PBXFileReference; lastKnownFileType = sourcecode.swift; path = LoadingView.swift; sourceTree = "<group>"; };
		6A190EEF2A842F5A00618D1B /* UsersScreen.swift */ = {isa = PBXFileReference; lastKnownFileType = sourcecode.swift; path = UsersScreen.swift; sourceTree = "<group>"; };
		6A190EF12A842F8000618D1B /* UserCardView.swift */ = {isa = PBXFileReference; lastKnownFileType = sourcecode.swift; path = UserCardView.swift; sourceTree = "<group>"; };
		6A190EF52A84AD9200618D1B /* UsersService.swift */ = {isa = PBXFileReference; lastKnownFileType = sourcecode.swift; path = UsersService.swift; sourceTree = "<group>"; };
		6A190EF72A84AF5200618D1B /* UsersViewModel.swift */ = {isa = PBXFileReference; lastKnownFileType = sourcecode.swift; path = UsersViewModel.swift; sourceTree = "<group>"; };
		6A190EFA2A86D56400618D1B /* AuthError.swift */ = {isa = PBXFileReference; lastKnownFileType = sourcecode.swift; path = AuthError.swift; sourceTree = "<group>"; };
		6A190EFC2A876D2300618D1B /* HomeViewModel.swift */ = {isa = PBXFileReference; lastKnownFileType = sourcecode.swift; path = HomeViewModel.swift; sourceTree = "<group>"; };
		6A190EFE2A877B0E00618D1B /* UserProfileScreen.swift */ = {isa = PBXFileReference; lastKnownFileType = sourcecode.swift; path = UserProfileScreen.swift; sourceTree = "<group>"; };
		6A190F002A877D5100618D1B /* UserProfileViewModel.swift */ = {isa = PBXFileReference; lastKnownFileType = sourcecode.swift; path = UserProfileViewModel.swift; sourceTree = "<group>"; };
		6A190F022A87B13400618D1B /* PhaseView.swift */ = {isa = PBXFileReference; lastKnownFileType = sourcecode.swift; path = PhaseView.swift; sourceTree = "<group>"; };
		6A190F042A87BCBC00618D1B /* ViewModifiers.swift */ = {isa = PBXFileReference; lastKnownFileType = sourcecode.swift; path = ViewModifiers.swift; sourceTree = "<group>"; };
		6A1EB2072A88B73900829F30 /* InfoCardView.swift */ = {isa = PBXFileReference; lastKnownFileType = sourcecode.swift; path = InfoCardView.swift; sourceTree = "<group>"; };
		6A57AFFB2A8ACD3F00A0050E /* LaunchScreen.storyboard */ = {isa = PBXFileReference; lastKnownFileType = file.storyboard; path = LaunchScreen.storyboard; sourceTree = "<group>"; };
/* End PBXFileReference section */

/* Begin PBXFrameworksBuildPhase section */
		6A0185D62A76F165001D1F26 /* Frameworks */ = {
			isa = PBXFrameworksBuildPhase;
			buildActionMask = 2147483647;
			files = (
				6A12B94F2A8CCEDD004AC518 /* Cache in Frameworks */,
				6A190F092A87C3D700618D1B /* CachedAsyncImage in Frameworks */,
				6A01860D2A76F325001D1F26 /* FirebaseAuth in Frameworks */,
			);
			runOnlyForDeploymentPostprocessing = 0;
		};
/* End PBXFrameworksBuildPhase section */

/* Begin PBXGroup section */
		6A0185D02A76F165001D1F26 = {
			isa = PBXGroup;
			children = (
				6A0185DB2A76F165001D1F26 /* TrackHub */,
				6A0185DA2A76F165001D1F26 /* Products */,
			);
			sourceTree = "<group>";
		};
		6A0185DA2A76F165001D1F26 /* Products */ = {
			isa = PBXGroup;
			children = (
				6A0185D92A76F165001D1F26 /* TrackHub.app */,
			);
			name = Products;
			sourceTree = "<group>";
		};
		6A0185DB2A76F165001D1F26 /* TrackHub */ = {
			isa = PBXGroup;
			children = (
				6A0185EC2A76F25F001D1F26 /* Base */,
				6A12B94A2A8CA43C004AC518 /* Dependecies */,
				6A0186152A784F97001D1F26 /* Features */,
				6A0185DC2A76F165001D1F26 /* TrackHubApp.swift */,
				6A0185DE2A76F165001D1F26 /* RootView.swift */,
				6A57AFFB2A8ACD3F00A0050E /* LaunchScreen.storyboard */,
				6A0186102A76F3BB001D1F26 /* Info.plist */,
				6A0185E02A76F166001D1F26 /* Assets.xcassets */,
				6A0186132A770F60001D1F26 /* GoogleService-Info.plist */,
				6A0185E22A76F166001D1F26 /* Preview Content */,
			);
			path = TrackHub;
			sourceTree = "<group>";
		};
		6A0185E22A76F166001D1F26 /* Preview Content */ = {
			isa = PBXGroup;
			children = (
				6A0185E32A76F166001D1F26 /* Preview Assets.xcassets */,
			);
			path = "Preview Content";
			sourceTree = "<group>";
		};
		6A0185EC2A76F25F001D1F26 /* Base */ = {
			isa = PBXGroup;
			children = (
				6A12B9522A8CFF8A004AC518 /* Cache */,
				6A12B9442A8BAADA004AC518 /* Service */,
				6A0185ED2A76F25F001D1F26 /* Constants */,
				6A0185EF2A76F25F001D1F26 /* Model */,
				6A0185F22A76F25F001D1F26 /* API */,
				6A0185F52A76F25F001D1F26 /* Views */,
			);
			path = Base;
			sourceTree = "<group>";
		};
		6A0185ED2A76F25F001D1F26 /* Constants */ = {
			isa = PBXGroup;
			children = (
				6A0185EE2A76F25F001D1F26 /* Constants.swift */,
				6A12B9472A8BCF14004AC518 /* Extensions.swift */,
			);
			path = Constants;
			sourceTree = "<group>";
		};
		6A0185EF2A76F25F001D1F26 /* Model */ = {
			isa = PBXGroup;
			children = (
				6A0185F02A76F25F001D1F26 /* UserModel.swift */,
				6A0185F12A76F25F001D1F26 /* RequestPhase.swift */,
			);
			path = Model;
			sourceTree = "<group>";
		};
		6A0185F22A76F25F001D1F26 /* API */ = {
			isa = PBXGroup;
			children = (
				6A0185F32A76F25F001D1F26 /* APIError.swift */,
				6A0185F42A76F25F001D1F26 /* GithubApiClient.swift */,
			);
			path = API;
			sourceTree = "<group>";
		};
		6A0185F52A76F25F001D1F26 /* Views */ = {
			isa = PBXGroup;
			children = (
				6A190F022A87B13400618D1B /* PhaseView.swift */,
				6A190F042A87BCBC00618D1B /* ViewModifiers.swift */,
				6A12B9532A8D1FC3004AC518 /* LoadingView.swift */,
			);
			path = Views;
			sourceTree = "<group>";
		};
		6A0186152A784F97001D1F26 /* Features */ = {
			isa = PBXGroup;
			children = (
				6A0186252A78740C001D1F26 /* Insights */,
				6A0186242A7873FA001D1F26 /* Home */,
				6A0186232A7873EC001D1F26 /* Settings */,
				6A0186162A784FC9001D1F26 /* Auth */,
			);
			path = Features;
			sourceTree = "<group>";
		};
		6A0186162A784FC9001D1F26 /* Auth */ = {
			isa = PBXGroup;
			children = (
				6A190EF92A86D54F00618D1B /* Model */,
				6A0186202A785BF8001D1F26 /* View */,
				6A01861D2A78502F001D1F26 /* Service */,
				6A0186182A784FD8001D1F26 /* ViewModel */,
				6A0186172A784FD0001D1F26 /* Screen */,
			);
			path = Auth;
			sourceTree = "<group>";
		};
		6A0186172A784FD0001D1F26 /* Screen */ = {
			isa = PBXGroup;
			children = (
				6A0186192A784FF3001D1F26 /* AuthScreen.swift */,
			);
			path = Screen;
			sourceTree = "<group>";
		};
		6A0186182A784FD8001D1F26 /* ViewModel */ = {
			isa = PBXGroup;
			children = (
				6A01861B2A78501F001D1F26 /* AuthViewModel.swift */,
			);
			path = ViewModel;
			sourceTree = "<group>";
		};
		6A01861D2A78502F001D1F26 /* Service */ = {
			isa = PBXGroup;
			children = (
				6A01861E2A785063001D1F26 /* AuthService.swift */,
			);
			path = Service;
			sourceTree = "<group>";
		};
		6A0186202A785BF8001D1F26 /* View */ = {
			isa = PBXGroup;
			children = (
				6A0186212A785C11001D1F26 /* LoginButton.swift */,
			);
			path = View;
			sourceTree = "<group>";
		};
		6A0186232A7873EC001D1F26 /* Settings */ = {
			isa = PBXGroup;
			children = (
				6A01862F2A78D680001D1F26 /* View */,
				6A0186272A7875EB001D1F26 /* Screen */,
			);
			path = Settings;
			sourceTree = "<group>";
		};
		6A0186242A7873FA001D1F26 /* Home */ = {
			isa = PBXGroup;
			children = (
				6A190EF42A84ACE800618D1B /* Service */,
				6A190EF32A84ACDD00618D1B /* ViewModel */,
				6A0186322A79A0BE001D1F26 /* Views */,
				6A0186262A7875D9001D1F26 /* Screens */,
			);
			path = Home;
			sourceTree = "<group>";
		};
		6A0186252A78740C001D1F26 /* Insights */ = {
			isa = PBXGroup;
			children = (
				6A01862C2A787622001D1F26 /* Screen */,
			);
			path = Insights;
			sourceTree = "<group>";
		};
		6A0186262A7875D9001D1F26 /* Screens */ = {
			isa = PBXGroup;
			children = (
				6A01862A2A787616001D1F26 /* HomeScreen.swift */,
				6A190EEF2A842F5A00618D1B /* UsersScreen.swift */,
				6A190EFE2A877B0E00618D1B /* UserProfileScreen.swift */,
			);
			path = Screens;
			sourceTree = "<group>";
		};
		6A0186272A7875EB001D1F26 /* Screen */ = {
			isa = PBXGroup;
			children = (
				6A0186282A787603001D1F26 /* SettingsScreen.swift */,
			);
			path = Screen;
			sourceTree = "<group>";
		};
		6A01862C2A787622001D1F26 /* Screen */ = {
			isa = PBXGroup;
			children = (
				6A01862D2A787632001D1F26 /* InsightsScreen.swift */,
			);
			path = Screen;
			sourceTree = "<group>";
		};
		6A01862F2A78D680001D1F26 /* View */ = {
			isa = PBXGroup;
			children = (
				6A0186302A78D6C2001D1F26 /* SettingListTile.swift */,
			);
			path = View;
			sourceTree = "<group>";
		};
		6A0186322A79A0BE001D1F26 /* Views */ = {
			isa = PBXGroup;
			children = (
				6A0186332A79A0FF001D1F26 /* UserProfileView.swift */,
				6A190EF12A842F8000618D1B /* UserCardView.swift */,
				6A1EB2072A88B73900829F30 /* InfoCardView.swift */,
			);
			path = Views;
			sourceTree = "<group>";
		};
		6A12B9442A8BAADA004AC518 /* Service */ = {
			isa = PBXGroup;
			children = (
				6A12B9452A8BAB1A004AC518 /* UserDefaultsService.swift */,
			);
			path = Service;
			sourceTree = "<group>";
		};
		6A12B94A2A8CA43C004AC518 /* Dependecies */ = {
			isa = PBXGroup;
			children = (
				6A12B94B2A8CA46D004AC518 /* Dependencies.swift */,
			);
			path = Dependecies;
			sourceTree = "<group>";
		};
		6A12B9522A8CFF8A004AC518 /* Cache */ = {
			isa = PBXGroup;
			children = (
				6A12B9502A8CCF95004AC518 /* CacheService.swift */,
			);
			path = Cache;
			sourceTree = "<group>";
		};
		6A190EF32A84ACDD00618D1B /* ViewModel */ = {
			isa = PBXGroup;
			children = (
				6A190EFC2A876D2300618D1B /* HomeViewModel.swift */,
				6A190EF72A84AF5200618D1B /* UsersViewModel.swift */,
				6A190F002A877D5100618D1B /* UserProfileViewModel.swift */,
			);
			path = ViewModel;
			sourceTree = "<group>";
		};
		6A190EF42A84ACE800618D1B /* Service */ = {
			isa = PBXGroup;
			children = (
				6A190EF52A84AD9200618D1B /* UsersService.swift */,
			);
			path = Service;
			sourceTree = "<group>";
		};
		6A190EF92A86D54F00618D1B /* Model */ = {
			isa = PBXGroup;
			children = (
				6A190EFA2A86D56400618D1B /* AuthError.swift */,
			);
			path = Model;
			sourceTree = "<group>";
		};
/* End PBXGroup section */

/* Begin PBXNativeTarget section */
		6A0185D82A76F165001D1F26 /* TrackHub */ = {
			isa = PBXNativeTarget;
			buildConfigurationList = 6A0185E72A76F166001D1F26 /* Build configuration list for PBXNativeTarget "TrackHub" */;
			buildPhases = (
				6A0185D52A76F165001D1F26 /* Sources */,
				6A0185D62A76F165001D1F26 /* Frameworks */,
				6A0185D72A76F165001D1F26 /* Resources */,
			);
			buildRules = (
			);
			dependencies = (
			);
			name = TrackHub;
			packageProductDependencies = (
				6A01860C2A76F325001D1F26 /* FirebaseAuth */,
				6A190F082A87C3D700618D1B /* CachedAsyncImage */,
				6A12B94E2A8CCEDD004AC518 /* Cache */,
			);
			productName = TrackHub;
			productReference = 6A0185D92A76F165001D1F26 /* TrackHub.app */;
			productType = "com.apple.product-type.application";
		};
/* End PBXNativeTarget section */

/* Begin PBXProject section */
		6A0185D12A76F165001D1F26 /* Project object */ = {
			isa = PBXProject;
			attributes = {
				BuildIndependentTargetsInParallel = 1;
				LastSwiftUpdateCheck = 1430;
				LastUpgradeCheck = 1500;
				TargetAttributes = {
					6A0185D82A76F165001D1F26 = {
						CreatedOnToolsVersion = 14.3.1;
					};
				};
			};
			buildConfigurationList = 6A0185D42A76F165001D1F26 /* Build configuration list for PBXProject "TrackHub" */;
			compatibilityVersion = "Xcode 14.0";
			developmentRegion = en;
			hasScannedForEncodings = 0;
			knownRegions = (
				en,
				Base,
			);
			mainGroup = 6A0185D02A76F165001D1F26;
			packageReferences = (
				6A01860B2A76F325001D1F26 /* XCRemoteSwiftPackageReference "firebase-ios-sdk" */,
				6A0186352A79A435001D1F26 /* XCRemoteSwiftPackageReference "Nuke" */,
				6A190F072A87C3D700618D1B /* XCRemoteSwiftPackageReference "swiftui-cached-async-image" */,
				6A12B94D2A8CCEDD004AC518 /* XCRemoteSwiftPackageReference "Cache" */,
			);
			productRefGroup = 6A0185DA2A76F165001D1F26 /* Products */;
			projectDirPath = "";
			projectRoot = "";
			targets = (
				6A0185D82A76F165001D1F26 /* TrackHub */,
			);
		};
/* End PBXProject section */

/* Begin PBXResourcesBuildPhase section */
		6A0185D72A76F165001D1F26 /* Resources */ = {
			isa = PBXResourcesBuildPhase;
			buildActionMask = 2147483647;
			files = (
				6A0185E42A76F166001D1F26 /* Preview Assets.xcassets in Resources */,
				6A57AFFC2A8ACD4000A0050E /* LaunchScreen.storyboard in Resources */,
				6A0185E12A76F166001D1F26 /* Assets.xcassets in Resources */,
				6A0186142A770F60001D1F26 /* GoogleService-Info.plist in Resources */,
			);
			runOnlyForDeploymentPostprocessing = 0;
		};
/* End PBXResourcesBuildPhase section */

/* Begin PBXSourcesBuildPhase section */
		6A0185D52A76F165001D1F26 /* Sources */ = {
			isa = PBXSourcesBuildPhase;
			buildActionMask = 2147483647;
			files = (
				6A12B9462A8BAB1A004AC518 /* UserDefaultsService.swift in Sources */,
				6A0186292A787603001D1F26 /* SettingsScreen.swift in Sources */,
				6A190EFD2A876D2400618D1B /* HomeViewModel.swift in Sources */,
				6A12B9542A8D1FC3004AC518 /* LoadingView.swift in Sources */,
				6A0185DF2A76F165001D1F26 /* RootView.swift in Sources */,
				6A0185DD2A76F165001D1F26 /* TrackHubApp.swift in Sources */,
				6A190EF22A842F8000618D1B /* UserCardView.swift in Sources */,
				6A190F032A87B13400618D1B /* PhaseView.swift in Sources */,
				6A12B9482A8BCF14004AC518 /* Extensions.swift in Sources */,
				6A0185F82A76F25F001D1F26 /* RequestPhase.swift in Sources */,
				6A190EFF2A877B0E00618D1B /* UserProfileScreen.swift in Sources */,
				6A0185F72A76F25F001D1F26 /* UserModel.swift in Sources */,
				6A190EFB2A86D56400618D1B /* AuthError.swift in Sources */,
				6A0185F62A76F25F001D1F26 /* Constants.swift in Sources */,
				6A01862B2A787616001D1F26 /* HomeScreen.swift in Sources */,
				6A01861A2A784FF3001D1F26 /* AuthScreen.swift in Sources */,
				6A12B9512A8CCF95004AC518 /* CacheService.swift in Sources */,
				6A190EF82A84AF5200618D1B /* UsersViewModel.swift in Sources */,
				6A0185FA2A76F25F001D1F26 /* GithubApiClient.swift in Sources */,
				6A01861F2A785063001D1F26 /* AuthService.swift in Sources */,
				6A12B94C2A8CA46D004AC518 /* Dependencies.swift in Sources */,
				6A01862E2A787632001D1F26 /* InsightsScreen.swift in Sources */,
				6A190EF62A84AD9200618D1B /* UsersService.swift in Sources */,
				6A190F012A877D5100618D1B /* UserProfileViewModel.swift in Sources */,
				6A1EB2082A88B73900829F30 /* InfoCardView.swift in Sources */,
				6A190F052A87BCBC00618D1B /* ViewModifiers.swift in Sources */,
				6A0186342A79A0FF001D1F26 /* UserProfileView.swift in Sources */,
				6A0186312A78D6C2001D1F26 /* SettingListTile.swift in Sources */,
				6A0186222A785C11001D1F26 /* LoginButton.swift in Sources */,
				6A0185F92A76F25F001D1F26 /* APIError.swift in Sources */,
				6A190EF02A842F5A00618D1B /* UsersScreen.swift in Sources */,
				6A01861C2A78501F001D1F26 /* AuthViewModel.swift in Sources */,
			);
			runOnlyForDeploymentPostprocessing = 0;
		};
/* End PBXSourcesBuildPhase section */

/* Begin XCBuildConfiguration section */
		6A0185E52A76F166001D1F26 /* Debug */ = {
			isa = XCBuildConfiguration;
			buildSettings = {
				ALWAYS_SEARCH_USER_PATHS = NO;
				ASSETCATALOG_COMPILER_GENERATE_SWIFT_ASSET_SYMBOL_EXTENSIONS = YES;
				CLANG_ANALYZER_NONNULL = YES;
				CLANG_ANALYZER_NUMBER_OBJECT_CONVERSION = YES_AGGRESSIVE;
				CLANG_CXX_LANGUAGE_STANDARD = "gnu++20";
				CLANG_ENABLE_MODULES = YES;
				CLANG_ENABLE_OBJC_ARC = YES;
				CLANG_ENABLE_OBJC_WEAK = YES;
				CLANG_WARN_BLOCK_CAPTURE_AUTORELEASING = YES;
				CLANG_WARN_BOOL_CONVERSION = YES;
				CLANG_WARN_COMMA = YES;
				CLANG_WARN_CONSTANT_CONVERSION = YES;
				CLANG_WARN_DEPRECATED_OBJC_IMPLEMENTATIONS = YES;
				CLANG_WARN_DIRECT_OBJC_ISA_USAGE = YES_ERROR;
				CLANG_WARN_DOCUMENTATION_COMMENTS = YES;
				CLANG_WARN_EMPTY_BODY = YES;
				CLANG_WARN_ENUM_CONVERSION = YES;
				CLANG_WARN_INFINITE_RECURSION = YES;
				CLANG_WARN_INT_CONVERSION = YES;
				CLANG_WARN_NON_LITERAL_NULL_CONVERSION = YES;
				CLANG_WARN_OBJC_IMPLICIT_RETAIN_SELF = YES;
				CLANG_WARN_OBJC_LITERAL_CONVERSION = YES;
				CLANG_WARN_OBJC_ROOT_CLASS = YES_ERROR;
				CLANG_WARN_QUOTED_INCLUDE_IN_FRAMEWORK_HEADER = YES;
				CLANG_WARN_RANGE_LOOP_ANALYSIS = YES;
				CLANG_WARN_STRICT_PROTOTYPES = YES;
				CLANG_WARN_SUSPICIOUS_MOVE = YES;
				CLANG_WARN_UNGUARDED_AVAILABILITY = YES_AGGRESSIVE;
				CLANG_WARN_UNREACHABLE_CODE = YES;
				CLANG_WARN__DUPLICATE_METHOD_MATCH = YES;
				COPY_PHASE_STRIP = NO;
				DEBUG_INFORMATION_FORMAT = dwarf;
				ENABLE_STRICT_OBJC_MSGSEND = YES;
				ENABLE_TESTABILITY = YES;
				ENABLE_USER_SCRIPT_SANDBOXING = YES;
				GCC_C_LANGUAGE_STANDARD = gnu11;
				GCC_DYNAMIC_NO_PIC = NO;
				GCC_NO_COMMON_BLOCKS = YES;
				GCC_OPTIMIZATION_LEVEL = 0;
				GCC_PREPROCESSOR_DEFINITIONS = (
					"DEBUG=1",
					"$(inherited)",
				);
				GCC_WARN_64_TO_32_BIT_CONVERSION = YES;
				GCC_WARN_ABOUT_RETURN_TYPE = YES_ERROR;
				GCC_WARN_UNDECLARED_SELECTOR = YES;
				GCC_WARN_UNINITIALIZED_AUTOS = YES_AGGRESSIVE;
				GCC_WARN_UNUSED_FUNCTION = YES;
				GCC_WARN_UNUSED_VARIABLE = YES;
				IPHONEOS_DEPLOYMENT_TARGET = 16.4;
				MTL_ENABLE_DEBUG_INFO = INCLUDE_SOURCE;
				MTL_FAST_MATH = YES;
				ONLY_ACTIVE_ARCH = YES;
				SDKROOT = iphoneos;
				SWIFT_ACTIVE_COMPILATION_CONDITIONS = DEBUG;
				SWIFT_OPTIMIZATION_LEVEL = "-Onone";
			};
			name = Debug;
		};
		6A0185E62A76F166001D1F26 /* Release */ = {
			isa = XCBuildConfiguration;
			buildSettings = {
				ALWAYS_SEARCH_USER_PATHS = NO;
				ASSETCATALOG_COMPILER_GENERATE_SWIFT_ASSET_SYMBOL_EXTENSIONS = YES;
				CLANG_ANALYZER_NONNULL = YES;
				CLANG_ANALYZER_NUMBER_OBJECT_CONVERSION = YES_AGGRESSIVE;
				CLANG_CXX_LANGUAGE_STANDARD = "gnu++20";
				CLANG_ENABLE_MODULES = YES;
				CLANG_ENABLE_OBJC_ARC = YES;
				CLANG_ENABLE_OBJC_WEAK = YES;
				CLANG_WARN_BLOCK_CAPTURE_AUTORELEASING = YES;
				CLANG_WARN_BOOL_CONVERSION = YES;
				CLANG_WARN_COMMA = YES;
				CLANG_WARN_CONSTANT_CONVERSION = YES;
				CLANG_WARN_DEPRECATED_OBJC_IMPLEMENTATIONS = YES;
				CLANG_WARN_DIRECT_OBJC_ISA_USAGE = YES_ERROR;
				CLANG_WARN_DOCUMENTATION_COMMENTS = YES;
				CLANG_WARN_EMPTY_BODY = YES;
				CLANG_WARN_ENUM_CONVERSION = YES;
				CLANG_WARN_INFINITE_RECURSION = YES;
				CLANG_WARN_INT_CONVERSION = YES;
				CLANG_WARN_NON_LITERAL_NULL_CONVERSION = YES;
				CLANG_WARN_OBJC_IMPLICIT_RETAIN_SELF = YES;
				CLANG_WARN_OBJC_LITERAL_CONVERSION = YES;
				CLANG_WARN_OBJC_ROOT_CLASS = YES_ERROR;
				CLANG_WARN_QUOTED_INCLUDE_IN_FRAMEWORK_HEADER = YES;
				CLANG_WARN_RANGE_LOOP_ANALYSIS = YES;
				CLANG_WARN_STRICT_PROTOTYPES = YES;
				CLANG_WARN_SUSPICIOUS_MOVE = YES;
				CLANG_WARN_UNGUARDED_AVAILABILITY = YES_AGGRESSIVE;
				CLANG_WARN_UNREACHABLE_CODE = YES;
				CLANG_WARN__DUPLICATE_METHOD_MATCH = YES;
				COPY_PHASE_STRIP = NO;
				DEBUG_INFORMATION_FORMAT = "dwarf-with-dsym";
				ENABLE_NS_ASSERTIONS = NO;
				ENABLE_STRICT_OBJC_MSGSEND = YES;
				ENABLE_USER_SCRIPT_SANDBOXING = YES;
				GCC_C_LANGUAGE_STANDARD = gnu11;
				GCC_NO_COMMON_BLOCKS = YES;
				GCC_WARN_64_TO_32_BIT_CONVERSION = YES;
				GCC_WARN_ABOUT_RETURN_TYPE = YES_ERROR;
				GCC_WARN_UNDECLARED_SELECTOR = YES;
				GCC_WARN_UNINITIALIZED_AUTOS = YES_AGGRESSIVE;
				GCC_WARN_UNUSED_FUNCTION = YES;
				GCC_WARN_UNUSED_VARIABLE = YES;
				IPHONEOS_DEPLOYMENT_TARGET = 16.4;
				MTL_ENABLE_DEBUG_INFO = NO;
				MTL_FAST_MATH = YES;
				SDKROOT = iphoneos;
				SWIFT_COMPILATION_MODE = wholemodule;
				SWIFT_OPTIMIZATION_LEVEL = "-O";
				VALIDATE_PRODUCT = YES;
			};
			name = Release;
		};
		6A0185E82A76F166001D1F26 /* Debug */ = {
			isa = XCBuildConfiguration;
			buildSettings = {
				ASSETCATALOG_COMPILER_APPICON_NAME = AppIcon;
				ASSETCATALOG_COMPILER_GLOBAL_ACCENT_COLOR_NAME = AccentColor;
				CODE_SIGN_STYLE = Automatic;
				CURRENT_PROJECT_VERSION = 1;
				DEVELOPMENT_ASSET_PATHS = "\"TrackHub/Preview Content\"";
				DEVELOPMENT_TEAM = L9NGWJ3SP6;
				ENABLE_PREVIEWS = YES;
				GENERATE_INFOPLIST_FILE = YES;
				INFOPLIST_FILE = TrackHub/Info.plist;
				INFOPLIST_KEY_CFBundleDisplayName = TrackHub;
				INFOPLIST_KEY_LSApplicationCategoryType = "public.app-category.utilities";
				INFOPLIST_KEY_UIApplicationSceneManifest_Generation = YES;
				INFOPLIST_KEY_UIApplicationSupportsIndirectInputEvents = YES;
				INFOPLIST_KEY_UILaunchStoryboardName = LaunchScreen.storyboard;
				INFOPLIST_KEY_UISupportedInterfaceOrientations = UIInterfaceOrientationPortrait;
				LD_RUNPATH_SEARCH_PATHS = (
					"$(inherited)",
					"@executable_path/Frameworks",
				);
				MARKETING_VERSION = 1.0;
				PRODUCT_BUNDLE_IDENTIFIER = com.imsanjaysoni.TrackHub;
				PRODUCT_NAME = "$(TARGET_NAME)";
				SUPPORTED_PLATFORMS = "iphoneos iphonesimulator";
				SUPPORTS_MACCATALYST = NO;
				SUPPORTS_MAC_DESIGNED_FOR_IPHONE_IPAD = NO;
				SUPPORTS_XR_DESIGNED_FOR_IPHONE_IPAD = NO;
				SWIFT_EMIT_LOC_STRINGS = YES;
				SWIFT_VERSION = 5.0;
				TARGETED_DEVICE_FAMILY = 1;
			};
			name = Debug;
		};
		6A0185E92A76F166001D1F26 /* Release */ = {
			isa = XCBuildConfiguration;
			buildSettings = {
				ASSETCATALOG_COMPILER_APPICON_NAME = AppIcon;
				ASSETCATALOG_COMPILER_GLOBAL_ACCENT_COLOR_NAME = AccentColor;
				CODE_SIGN_STYLE = Automatic;
				CURRENT_PROJECT_VERSION = 1;
				DEVELOPMENT_ASSET_PATHS = "\"TrackHub/Preview Content\"";
				DEVELOPMENT_TEAM = L9NGWJ3SP6;
				ENABLE_PREVIEWS = YES;
				GENERATE_INFOPLIST_FILE = YES;
				INFOPLIST_FILE = TrackHub/Info.plist;
				INFOPLIST_KEY_CFBundleDisplayName = TrackHub;
				INFOPLIST_KEY_LSApplicationCategoryType = "public.app-category.utilities";
				INFOPLIST_KEY_UIApplicationSceneManifest_Generation = YES;
				INFOPLIST_KEY_UIApplicationSupportsIndirectInputEvents = YES;
				INFOPLIST_KEY_UILaunchStoryboardName = LaunchScreen.storyboard;
				INFOPLIST_KEY_UISupportedInterfaceOrientations = UIInterfaceOrientationPortrait;
				LD_RUNPATH_SEARCH_PATHS = (
					"$(inherited)",
					"@executable_path/Frameworks",
				);
				MARKETING_VERSION = 1.0;
				PRODUCT_BUNDLE_IDENTIFIER = com.imsanjaysoni.TrackHub;
				PRODUCT_NAME = "$(TARGET_NAME)";
				SUPPORTED_PLATFORMS = "iphoneos iphonesimulator";
				SUPPORTS_MACCATALYST = NO;
				SUPPORTS_MAC_DESIGNED_FOR_IPHONE_IPAD = NO;
				SUPPORTS_XR_DESIGNED_FOR_IPHONE_IPAD = NO;
				SWIFT_EMIT_LOC_STRINGS = YES;
				SWIFT_VERSION = 5.0;
				TARGETED_DEVICE_FAMILY = 1;
			};
			name = Release;
		};
/* End XCBuildConfiguration section */

/* Begin XCConfigurationList section */
		6A0185D42A76F165001D1F26 /* Build configuration list for PBXProject "TrackHub" */ = {
			isa = XCConfigurationList;
			buildConfigurations = (
				6A0185E52A76F166001D1F26 /* Debug */,
				6A0185E62A76F166001D1F26 /* Release */,
			);
			defaultConfigurationIsVisible = 0;
			defaultConfigurationName = Release;
		};
		6A0185E72A76F166001D1F26 /* Build configuration list for PBXNativeTarget "TrackHub" */ = {
			isa = XCConfigurationList;
			buildConfigurations = (
				6A0185E82A76F166001D1F26 /* Debug */,
				6A0185E92A76F166001D1F26 /* Release */,
			);
			defaultConfigurationIsVisible = 0;
			defaultConfigurationName = Release;
		};
/* End XCConfigurationList section */

/* Begin XCRemoteSwiftPackageReference section */
		6A01860B2A76F325001D1F26 /* XCRemoteSwiftPackageReference "firebase-ios-sdk" */ = {
			isa = XCRemoteSwiftPackageReference;
			repositoryURL = "https://github.com/firebase/firebase-ios-sdk.git";
			requirement = {
				kind = upToNextMajorVersion;
				minimumVersion = 10.0.0;
			};
		};
		6A0186352A79A435001D1F26 /* XCRemoteSwiftPackageReference "Nuke" */ = {
			isa = XCRemoteSwiftPackageReference;
			repositoryURL = "https://github.com/kean/Nuke";
			requirement = {
				kind = upToNextMajorVersion;
				minimumVersion = 12.0.0;
			};
		};
		6A12B94D2A8CCEDD004AC518 /* XCRemoteSwiftPackageReference "Cache" */ = {
			isa = XCRemoteSwiftPackageReference;
			repositoryURL = "https://github.com/hyperoslo/Cache";
			requirement = {
				kind = upToNextMajorVersion;
				minimumVersion = 6.0.0;
			};
		};
		6A190F072A87C3D700618D1B /* XCRemoteSwiftPackageReference "swiftui-cached-async-image" */ = {
			isa = XCRemoteSwiftPackageReference;
			repositoryURL = "https://github.com/lorenzofiamingo/swiftui-cached-async-image";
			requirement = {
				kind = upToNextMajorVersion;
				minimumVersion = 2.0.0;
			};
		};
/* End XCRemoteSwiftPackageReference section */

/* Begin XCSwiftPackageProductDependency section */
		6A01860C2A76F325001D1F26 /* FirebaseAuth */ = {
			isa = XCSwiftPackageProductDependency;
			package = 6A01860B2A76F325001D1F26 /* XCRemoteSwiftPackageReference "firebase-ios-sdk" */;
			productName = FirebaseAuth;
		};
		6A12B94E2A8CCEDD004AC518 /* Cache */ = {
			isa = XCSwiftPackageProductDependency;
			package = 6A12B94D2A8CCEDD004AC518 /* XCRemoteSwiftPackageReference "Cache" */;
			productName = Cache;
		};
		6A190F082A87C3D700618D1B /* CachedAsyncImage */ = {
			isa = XCSwiftPackageProductDependency;
			package = 6A190F072A87C3D700618D1B /* XCRemoteSwiftPackageReference "swiftui-cached-async-image" */;
			productName = CachedAsyncImage;
		};
/* End XCSwiftPackageProductDependency section */
	};
	rootObject = 6A0185D12A76F165001D1F26 /* Project object */;
}
